
Microsoft Visual Studio Solution File, Format Version 12.00
# Visual Studio 15
VisualStudioVersion = 15.0.26403.7
MinimumVisualStudioVersion = 10.0.40219.1
Project("{F2A71F9B-5D33-465A-A702-920D77279786}") = "ForneverMind", "ForneverMind\ForneverMind.fsproj", "{2CAC3278-465E-432E-9434-09FEB4A6D98D}"
EndProject
Project("{2150E333-8FDC-42A3-9474-1A3956D46DE8}") = "Solution Items", "Solution Items", "{89A0A63A-0C34-48DE-89AB-8FA26292A190}"
	ProjectSection(SolutionItems) = preProject
		.editorconfig = .editorconfig
		.gitignore = .gitignore
		README.md = README.md
		Dockerfile = Dockerfile
		.dockerignore = .dockerignore
		CHANGELOG.md = CHANGELOG.md
		MAINTAINERSHIP.md = MAINTAINERSHIP.md
		Directory.Build.props = Directory.Build.props
		CONTRIBUTING.md = CONTRIBUTING.md
		global.json = global.json
		LICENSE.txt = LICENSE.txt
		REUSE.toml = REUSE.toml
		renovate.json = renovate.json
	EndProjectSection
EndProject
Project("{F2A71F9B-5D33-465A-A702-920D77279786}") = "ForneverMind.Tests", "ForneverMind.Tests\ForneverMind.Tests.fsproj", "{F66CD922-9216-401E-96DE-36263DF07726}"
EndProject
Project("{2150E333-8FDC-42A3-9474-1A3956D46DE8}") = "Scripts", "Scripts", "{D993AAA4-2B0E-4390-B6AB-61DD78732E56}"
	ProjectSection(SolutionItems) = preProject
		Scripts\Prepare-Talks.ps1 = Scripts\Prepare-Talks.ps1
		Scripts\Get-Version.ps1 = Scripts\Get-Version.ps1
	EndProjectSection
EndProject
Project("{9A19103F-16F7-4668-BE54-9A1E7A4F7556}") = "ForneverMind.Frontend", "ForneverMind.Frontend\ForneverMind.Frontend.proj", "{D96D3D8B-B311-49B1-8EB0-F1AA9F7F6F31}"
EndProject
Project("{2150E333-8FDC-42A3-9474-1A3956D46DE8}") = ".github", ".github", "{5FEA0255-DAF1-4A37-8F1E-3EA4D19F60A7}"
EndProject
Project("{2150E333-8FDC-42A3-9474-1A3956D46DE8}") = "workflows", "workflows", "{CA44E9BC-EE9F-464A-857E-34F62E2C5D3A}"
ProjectSection(SolutionItems) = preProject
	.github\workflows\main.yml = .github\workflows\main.yml
	.github\workflows\release.yml = .github\workflows\release.yml
EndProjectSection
EndProject
Project("{2150E333-8FDC-42A3-9474-1A3956D46DE8}") = "deploy", "deploy", "{6DE943A1-8E62-46E0-98B1-5B3FE332374A}"
ProjectSection(SolutionItems) = preProject
	deploy\appsettings.json = deploy\appsettings.json
EndProjectSection
EndProject
Project("{2150E333-8FDC-42A3-9474-1A3956D46DE8}") = "docs", "docs", "{EEF302B2-6DEB-492A-ABCD-56E52ADF7B7C}"
	ProjectSection(SolutionItems) = preProject
		docs\CHANGELOG.EvilPlanner.md = docs\CHANGELOG.EvilPlanner.md
	EndProjectSection
EndProject
Project("{F2A71F9B-5D33-465A-A702-920D77279786}") = "ForneverMind.TestFramework", "ForneverMind.TestFramework\ForneverMind.TestFramework.fsproj", "{CC92AD22-D198-46B2-8F33-45F6B5BF1EEE}"
EndProject
Project("{2150E333-8FDC-42A3-9474-1A3956D46DE8}") = ".config", ".config", "{E0D59AC4-EC2A-47AC-B830-65D111EF90A6}"
	ProjectSection(SolutionItems) = preProject
		.config\dotnet-tools.json = .config\dotnet-tools.json
	EndProjectSection
EndProject
Global
	GlobalSection(SolutionConfigurationPlatforms) = preSolution
		Debug|Any CPU = Debug|Any CPU
		Release|Any CPU = Release|Any CPU
	EndGlobalSection
	GlobalSection(ProjectConfigurationPlatforms) = postSolution
		{2CAC3278-465E-432E-9434-09FEB4A6D98D}.Debug|Any CPU.ActiveCfg = Debug|Any CPU
		{2CAC3278-465E-432E-9434-09FEB4A6D98D}.Debug|Any CPU.Build.0 = Debug|Any CPU
		{2CAC3278-465E-432E-9434-09FEB4A6D98D}.Release|Any CPU.ActiveCfg = Release|Any CPU
		{2CAC3278-465E-432E-9434-09FEB4A6D98D}.Release|Any CPU.Build.0 = Release|Any CPU
		{F66CD922-9216-401E-96DE-36263DF07726}.Debug|Any CPU.ActiveCfg = Debug|Any CPU
		{F66CD922-9216-401E-96DE-36263DF07726}.Debug|Any CPU.Build.0 = Debug|Any CPU
		{F66CD922-9216-401E-96DE-36263DF07726}.Release|Any CPU.ActiveCfg = Release|Any CPU
		{F66CD922-9216-401E-96DE-36263DF07726}.Release|Any CPU.Build.0 = Release|Any CPU
		{D96D3D8B-B311-49B1-8EB0-F1AA9F7F6F31}.Debug|Any CPU.ActiveCfg = Debug|Any CPU
		{D96D3D8B-B311-49B1-8EB0-F1AA9F7F6F31}.Debug|Any CPU.Build.0 = Debug|Any CPU
		{D96D3D8B-B311-49B1-8EB0-F1AA9F7F6F31}.Release|Any CPU.ActiveCfg = Release|Any CPU
		{D96D3D8B-B311-49B1-8EB0-F1AA9F7F6F31}.Release|Any CPU.Build.0 = Release|Any CPU
		{CC92AD22-D198-46B2-8F33-45F6B5BF1EEE}.Debug|Any CPU.ActiveCfg = Debug|Any CPU
		{CC92AD22-D198-46B2-8F33-45F6B5BF1EEE}.Debug|Any CPU.Build.0 = Debug|Any CPU
		{CC92AD22-D198-46B2-8F33-45F6B5BF1EEE}.Release|Any CPU.ActiveCfg = Release|Any CPU
		{CC92AD22-D198-46B2-8F33-45F6B5BF1EEE}.Release|Any CPU.Build.0 = Release|Any CPU
	EndGlobalSection
	GlobalSection(SolutionProperties) = preSolution
		HideSolutionNode = FALSE
	EndGlobalSection
	GlobalSection(NestedProjects) = preSolution
		{CA44E9BC-EE9F-464A-857E-34F62E2C5D3A} = {5FEA0255-DAF1-4A37-8F1E-3EA4D19F60A7}
	EndGlobalSection
EndGlobal
